
Microsoft Visual Studio Solution File, Format Version 12.00
# Visual Studio Version 17
VisualStudioVersion = 17.5.33530.505
MinimumVisualStudioVersion = 10.0.40219.1
Project("{FAE04EC0-301F-11D3-BF4B-00C04F79EFBC}") = "MAS_s20960_MP3", "MAS_s20960_MP3.csproj", "{5F25BBDA-8A39-4741-87F5-17BC96119918}"
EndProject
Global
	GlobalSection(SolutionConfigurationPlatforms) = preSolution
		Debug|Any CPU = Debug|Any CPU
		Release|Any CPU = Release|Any CPU
	EndGlobalSection
	GlobalSection(ProjectConfigurationPlatforms) = postSolution
		{5F25BBDA-8A39-4741-87F5-17BC96119918}.Debug|Any CPU.ActiveCfg = Debug|Any CPU
		{5F25BBDA-8A39-4741-87F5-17BC96119918}.Debug|Any CPU.Build.0 = Debug|Any CPU
		{5F25BBDA-8A39-4741-87F5-17BC96119918}.Release|Any CPU.ActiveCfg = Release|Any CPU
		{5F25BBDA-8A39-4741-87F5-17BC96119918}.Release|Any CPU.Build.0 = Release|Any CPU
	EndGlobalSection
	GlobalSection(SolutionProperties) = preSolution
		HideSolutionNode = FALSE
	EndGlobalSection
	GlobalSection(ExtensibilityGlobals) = postSolution
		SolutionGuid = {031F7B7B-DA6F-463F-83E7-C50C49AD1CB7}
	EndGlobalSection
EndGlobal
