
Microsoft Visual Studio Solution File, Format Version 12.00
# Visual Studio Version 17
VisualStudioVersion = 17.5.33530.505
MinimumVisualStudioVersion = 10.0.40219.1
Project("{FAE04EC0-301F-11D3-BF4B-00C04F79EFBC}") = "MAS_Implementacja", "MAS_Implementacja.csproj", "{9B91CF3B-3E7E-4314-A699-9C8E3DADBDF6}"
EndProject
Global
	GlobalSection(SolutionConfigurationPlatforms) = preSolution
		Debug|Any CPU = Debug|Any CPU
		Release|Any CPU = Release|Any CPU
	EndGlobalSection
	GlobalSection(ProjectConfigurationPlatforms) = postSolution
		{9B91CF3B-3E7E-4314-A699-9C8E3DADBDF6}.Debug|Any CPU.ActiveCfg = Debug|Any CPU
		{9B91CF3B-3E7E-4314-A699-9C8E3DADBDF6}.Debug|Any CPU.Build.0 = Debug|Any CPU
		{9B91CF3B-3E7E-4314-A699-9C8E3DADBDF6}.Release|Any CPU.ActiveCfg = Release|Any CPU
		{9B91CF3B-3E7E-4314-A699-9C8E3DADBDF6}.Release|Any CPU.Build.0 = Release|Any CPU
	EndGlobalSection
	GlobalSection(SolutionProperties) = preSolution
		HideSolutionNode = FALSE
	EndGlobalSection
	GlobalSection(ExtensibilityGlobals) = postSolution
		SolutionGuid = {5CDBB2C1-FA82-419C-811F-AEC440155F8A}
	EndGlobalSection
EndGlobal
