
Microsoft Visual Studio Solution File, Format Version 12.00
# Visual Studio Version 17
VisualStudioVersion = 17.5.33530.505
MinimumVisualStudioVersion = 10.0.40219.1
Project("{FAE04EC0-301F-11D3-BF4B-00C04F79EFBC}") = "MAS_s20960_MP5", "MAS_s20960_MP5.csproj", "{2A5F988A-36BE-433A-8516-B7910B5FF6A4}"
EndProject
Global
	GlobalSection(SolutionConfigurationPlatforms) = preSolution
		Debug|Any CPU = Debug|Any CPU
		Release|Any CPU = Release|Any CPU
	EndGlobalSection
	GlobalSection(ProjectConfigurationPlatforms) = postSolution
		{2A5F988A-36BE-433A-8516-B7910B5FF6A4}.Debug|Any CPU.ActiveCfg = Debug|Any CPU
		{2A5F988A-36BE-433A-8516-B7910B5FF6A4}.Debug|Any CPU.Build.0 = Debug|Any CPU
		{2A5F988A-36BE-433A-8516-B7910B5FF6A4}.Release|Any CPU.ActiveCfg = Release|Any CPU
		{2A5F988A-36BE-433A-8516-B7910B5FF6A4}.Release|Any CPU.Build.0 = Release|Any CPU
	EndGlobalSection
	GlobalSection(SolutionProperties) = preSolution
		HideSolutionNode = FALSE
	EndGlobalSection
	GlobalSection(ExtensibilityGlobals) = postSolution
		SolutionGuid = {6B789964-FF09-46E3-B1DD-ABE626541E45}
	EndGlobalSection
EndGlobal
